%{
  "docsh": {:hex, :docsh, "0.7.2", "f893d5317a0e14269dd7fe79cf95fb6b9ba23513da0480ec6e77c73221cae4f2", [:rebar3], [{:providers, "1.8.1", [hex: :providers, repo: "hexpm", optional: false]}], "hexpm", "4e7db461bb07540d2bc3d366b8513f0197712d0495bb85744f367d3815076134"},
  "elixir_sense": {:git, "https://github.com/elixir-lsp/elixir_sense.git", "3b5bb8cf19cfb99755fc3dea5b72a5cb576de43e", []},
  "getopt": {:hex, :getopt, "1.0.1", "c73a9fa687b217f2ff79f68a3b637711bb1936e712b521d8ce466b29cbf7808a", [:rebar3], [], "hexpm", "53e1ab83b9ceb65c9672d3e7a35b8092e9bdc9b3ee80721471a161c10c59959c"},
  "providers": {:hex, :providers, "1.8.1", "70b4197869514344a8a60e2b2a4ef41ca03def43cfb1712ecf076a0f3c62f083", [:rebar3], [{:getopt, "1.0.1", [hex: :getopt, repo: "hexpm", optional: false]}], "hexpm", "e45745ade9c476a9a469ea0840e418ab19360dc44f01a233304e118a44486ba0"},
}
